// !$*UTF8*$!
{
	archiveVersion = 1;
	classes = {
	};
	objectVersion = 56;
	objects = {

/* Begin PBXBuildFile section */
		AB53263C2B0C378A0008ABB7 /* Club+CoreDataClass.swift in Sources */ = {isa = PBXBuildFile; fileRef = AB53263A2B0C378A0008ABB7 /* Club+CoreDataClass.swift */; };
		AB53263D2B0C378A0008ABB7 /* Club+CoreDataProperties.swift in Sources */ = {isa = PBXBuildFile; fileRef = AB53263B2B0C378A0008ABB7 /* Club+CoreDataProperties.swift */; };
		ABA52ADD2B185BDF00A78372 /* App_User+CoreDataProperties.swift in Sources */ = {isa = PBXBuildFile; fileRef = ABA52ADC2B185BDF00A78372 /* App_User+CoreDataProperties.swift */; };
		ABA52ADF2B185C0C00A78372 /* App_User+CoreDataClass.swift in Sources */ = {isa = PBXBuildFile; fileRef = ABA52ADE2B185C0C00A78372 /* App_User+CoreDataClass.swift */; };
		ABF4BEA42AF5B3BE00B85F5B /* AppDelegate.swift in Sources */ = {isa = PBXBuildFile; fileRef = ABF4BEA32AF5B3BE00B85F5B /* AppDelegate.swift */; };
		ABF4BEA62AF5B3BE00B85F5B /* SceneDelegate.swift in Sources */ = {isa = PBXBuildFile; fileRef = ABF4BEA52AF5B3BE00B85F5B /* SceneDelegate.swift */; };
		ABF4BEA82AF5B3BE00B85F5B /* ViewController.swift in Sources */ = {isa = PBXBuildFile; fileRef = ABF4BEA72AF5B3BE00B85F5B /* ViewController.swift */; };
		ABF4BEAE2AF5B3BE00B85F5B /* CSCI_187_Project.xcdatamodeld in Sources */ = {isa = PBXBuildFile; fileRef = ABF4BEAC2AF5B3BE00B85F5B /* CSCI_187_Project.xcdatamodeld */; };
		ABF4BEB02AF5B3C000B85F5B /* Assets.xcassets in Resources */ = {isa = PBXBuildFile; fileRef = ABF4BEAF2AF5B3C000B85F5B /* Assets.xcassets */; };
		ABF4BEBE2AF5B3C100B85F5B /* CSCI_187_ProjectTests.swift in Sources */ = {isa = PBXBuildFile; fileRef = ABF4BEBD2AF5B3C100B85F5B /* CSCI_187_ProjectTests.swift */; };
		ABF4BEC82AF5B3C100B85F5B /* CSCI_187_ProjectUITests.swift in Sources */ = {isa = PBXBuildFile; fileRef = ABF4BEC72AF5B3C100B85F5B /* CSCI_187_ProjectUITests.swift */; };
		ABF4BECA2AF5B3C100B85F5B /* CSCI_187_ProjectUITestsLaunchTests.swift in Sources */ = {isa = PBXBuildFile; fileRef = ABF4BEC92AF5B3C100B85F5B /* CSCI_187_ProjectUITestsLaunchTests.swift */; };
		ABF4BED72AF5B43D00B85F5B /* Main.storyboard in Resources */ = {isa = PBXBuildFile; fileRef = ABF4BED62AF5B43D00B85F5B /* Main.storyboard */; };
/* End PBXBuildFile section */

/* Begin PBXContainerItemProxy section */
		ABF4BEBA2AF5B3C100B85F5B /* PBXContainerItemProxy */ = {
			isa = PBXContainerItemProxy;
			containerPortal = ABF4BE982AF5B3BD00B85F5B /* Project object */;
			proxyType = 1;
			remoteGlobalIDString = ABF4BE9F2AF5B3BE00B85F5B;
			remoteInfo = "CSCI 187 Project";
		};
		ABF4BEC42AF5B3C100B85F5B /* PBXContainerItemProxy */ = {
			isa = PBXContainerItemProxy;
			containerPortal = ABF4BE982AF5B3BD00B85F5B /* Project object */;
			proxyType = 1;
			remoteGlobalIDString = ABF4BE9F2AF5B3BE00B85F5B;
			remoteInfo = "CSCI 187 Project";
		};
/* End PBXContainerItemProxy section */

/* Begin PBXFileReference section */
		AB53263A2B0C378A0008ABB7 /* Club+CoreDataClass.swift */ = {isa = PBXFileReference; lastKnownFileType = sourcecode.swift; path = "Club+CoreDataClass.swift"; sourceTree = "<group>"; };
		AB53263B2B0C378A0008ABB7 /* Club+CoreDataProperties.swift */ = {isa = PBXFileReference; lastKnownFileType = sourcecode.swift; path = "Club+CoreDataProperties.swift"; sourceTree = "<group>"; };
		ABA52ADC2B185BDF00A78372 /* App_User+CoreDataProperties.swift */ = {isa = PBXFileReference; lastKnownFileType = sourcecode.swift; path = "App_User+CoreDataProperties.swift"; sourceTree = "<group>"; };
		ABA52ADE2B185C0C00A78372 /* App_User+CoreDataClass.swift */ = {isa = PBXFileReference; lastKnownFileType = sourcecode.swift; path = "App_User+CoreDataClass.swift"; sourceTree = "<group>"; };
		ABF4BEA02AF5B3BE00B85F5B /* CSCI 187 Project.app */ = {isa = PBXFileReference; explicitFileType = wrapper.application; includeInIndex = 0; path = "CSCI 187 Project.app"; sourceTree = BUILT_PRODUCTS_DIR; };
		ABF4BEA32AF5B3BE00B85F5B /* AppDelegate.swift */ = {isa = PBXFileReference; lastKnownFileType = sourcecode.swift; path = AppDelegate.swift; sourceTree = "<group>"; };
		ABF4BEA52AF5B3BE00B85F5B /* SceneDelegate.swift */ = {isa = PBXFileReference; lastKnownFileType = sourcecode.swift; path = SceneDelegate.swift; sourceTree = "<group>"; };
		ABF4BEA72AF5B3BE00B85F5B /* ViewController.swift */ = {isa = PBXFileReference; lastKnownFileType = sourcecode.swift; path = ViewController.swift; sourceTree = "<group>"; };
		ABF4BEAD2AF5B3BE00B85F5B /* CSCI_187_Project.xcdatamodel */ = {isa = PBXFileReference; lastKnownFileType = wrapper.xcdatamodel; path = CSCI_187_Project.xcdatamodel; sourceTree = "<group>"; };
		ABF4BEAF2AF5B3C000B85F5B /* Assets.xcassets */ = {isa = PBXFileReference; lastKnownFileType = folder.assetcatalog; name = Assets.xcassets; path = "CSCI 187 Project/Assets.xcassets"; sourceTree = SOURCE_ROOT; };
		ABF4BEB42AF5B3C000B85F5B /* Info.plist */ = {isa = PBXFileReference; lastKnownFileType = text.plist.xml; path = Info.plist; sourceTree = "<group>"; };
		ABF4BEB92AF5B3C100B85F5B /* CSCI 187 ProjectTests.xctest */ = {isa = PBXFileReference; explicitFileType = wrapper.cfbundle; includeInIndex = 0; path = "CSCI 187 ProjectTests.xctest"; sourceTree = BUILT_PRODUCTS_DIR; };
		ABF4BEBD2AF5B3C100B85F5B /* CSCI_187_ProjectTests.swift */ = {isa = PBXFileReference; lastKnownFileType = sourcecode.swift; path = CSCI_187_ProjectTests.swift; sourceTree = "<group>"; };
		ABF4BEC32AF5B3C100B85F5B /* CSCI 187 ProjectUITests.xctest */ = {isa = PBXFileReference; explicitFileType = wrapper.cfbundle; includeInIndex = 0; path = "CSCI 187 ProjectUITests.xctest"; sourceTree = BUILT_PRODUCTS_DIR; };
		ABF4BEC72AF5B3C100B85F5B /* CSCI_187_ProjectUITests.swift */ = {isa = PBXFileReference; lastKnownFileType = sourcecode.swift; path = CSCI_187_ProjectUITests.swift; sourceTree = "<group>"; };
		ABF4BEC92AF5B3C100B85F5B /* CSCI_187_ProjectUITestsLaunchTests.swift */ = {isa = PBXFileReference; lastKnownFileType = sourcecode.swift; path = CSCI_187_ProjectUITestsLaunchTests.swift; sourceTree = "<group>"; };
		ABF4BED62AF5B43D00B85F5B /* Main.storyboard */ = {isa = PBXFileReference; fileEncoding = 4; lastKnownFileType = file.storyboard; name = Main.storyboard; path = "CSCI 187 Project/Base.lproj/Main.storyboard"; sourceTree = SOURCE_ROOT; };
/* End PBXFileReference section */

/* Begin PBXFrameworksBuildPhase section */
		ABF4BE9D2AF5B3BE00B85F5B /* Frameworks */ = {
			isa = PBXFrameworksBuildPhase;
			buildActionMask = 2147483647;
			files = (
			);
			runOnlyForDeploymentPostprocessing = 0;
		};
		ABF4BEB62AF5B3C100B85F5B /* Frameworks */ = {
			isa = PBXFrameworksBuildPhase;
			buildActionMask = 2147483647;
			files = (
			);
			runOnlyForDeploymentPostprocessing = 0;
		};
		ABF4BEC02AF5B3C100B85F5B /* Frameworks */ = {
			isa = PBXFrameworksBuildPhase;
			buildActionMask = 2147483647;
			files = (
			);
			runOnlyForDeploymentPostprocessing = 0;
		};
/* End PBXFrameworksBuildPhase section */

/* Begin PBXGroup section */
		ABF4BE972AF5B3BD00B85F5B = {
			isa = PBXGroup;
			children = (
				ABA52ADC2B185BDF00A78372 /* App_User+CoreDataProperties.swift */,
				ABA52ADE2B185C0C00A78372 /* App_User+CoreDataClass.swift */,
				AB53263A2B0C378A0008ABB7 /* Club+CoreDataClass.swift */,
				AB53263B2B0C378A0008ABB7 /* Club+CoreDataProperties.swift */,
				ABF4BEA22AF5B3BE00B85F5B /* CSCI 187 Project */,
				ABF4BEBC2AF5B3C100B85F5B /* CSCI 187 ProjectTests */,
				ABF4BEC62AF5B3C100B85F5B /* CSCI 187 ProjectUITests */,
				ABF4BEA12AF5B3BE00B85F5B /* Products */,
			);
			sourceTree = "<group>";
		};
		ABF4BEA12AF5B3BE00B85F5B /* Products */ = {
			isa = PBXGroup;
			children = (
				ABF4BEA02AF5B3BE00B85F5B /* CSCI 187 Project.app */,
				ABF4BEB92AF5B3C100B85F5B /* CSCI 187 ProjectTests.xctest */,
				ABF4BEC32AF5B3C100B85F5B /* CSCI 187 ProjectUITests.xctest */,
			);
			name = Products;
			sourceTree = "<group>";
		};
		ABF4BEA22AF5B3BE00B85F5B /* CSCI 187 Project */ = {
			isa = PBXGroup;
			children = (
				ABF4BEA32AF5B3BE00B85F5B /* AppDelegate.swift */,
				ABF4BEA52AF5B3BE00B85F5B /* SceneDelegate.swift */,
				ABF4BEA72AF5B3BE00B85F5B /* ViewController.swift */,
				ABF4BED62AF5B43D00B85F5B /* Main.storyboard */,
				ABF4BEAF2AF5B3C000B85F5B /* Assets.xcassets */,
				ABF4BEB42AF5B3C000B85F5B /* Info.plist */,
				ABF4BEAC2AF5B3BE00B85F5B /* CSCI_187_Project.xcdatamodeld */,
			);
			path = "CSCI 187 Project";
			sourceTree = "<group>";
		};
		ABF4BEBC2AF5B3C100B85F5B /* CSCI 187 ProjectTests */ = {
			isa = PBXGroup;
			children = (
				ABF4BEBD2AF5B3C100B85F5B /* CSCI_187_ProjectTests.swift */,
			);
			path = "CSCI 187 ProjectTests";
			sourceTree = "<group>";
		};
		ABF4BEC62AF5B3C100B85F5B /* CSCI 187 ProjectUITests */ = {
			isa = PBXGroup;
			children = (
				ABF4BEC72AF5B3C100B85F5B /* CSCI_187_ProjectUITests.swift */,
				ABF4BEC92AF5B3C100B85F5B /* CSCI_187_ProjectUITestsLaunchTests.swift */,
			);
			path = "CSCI 187 ProjectUITests";
			sourceTree = "<group>";
		};
/* End PBXGroup section */

/* Begin PBXNativeTarget section */
		ABF4BE9F2AF5B3BE00B85F5B /* CSCI 187 Project */ = {
			isa = PBXNativeTarget;
			buildConfigurationList = ABF4BECD2AF5B3C100B85F5B /* Build configuration list for PBXNativeTarget "CSCI 187 Project" */;
			buildPhases = (
				ABF4BE9C2AF5B3BE00B85F5B /* Sources */,
				ABF4BE9D2AF5B3BE00B85F5B /* Frameworks */,
				ABF4BE9E2AF5B3BE00B85F5B /* Resources */,
			);
			buildRules = (
			);
			dependencies = (
			);
			name = "CSCI 187 Project";
			productName = "CSCI 187 Project";
			productReference = ABF4BEA02AF5B3BE00B85F5B /* CSCI 187 Project.app */;
			productType = "com.apple.product-type.application";
		};
		ABF4BEB82AF5B3C100B85F5B /* CSCI 187 ProjectTests */ = {
			isa = PBXNativeTarget;
			buildConfigurationList = ABF4BED02AF5B3C100B85F5B /* Build configuration list for PBXNativeTarget "CSCI 187 ProjectTests" */;
			buildPhases = (
				ABF4BEB52AF5B3C100B85F5B /* Sources */,
				ABF4BEB62AF5B3C100B85F5B /* Frameworks */,
				ABF4BEB72AF5B3C100B85F5B /* Resources */,
			);
			buildRules = (
			);
			dependencies = (
				ABF4BEBB2AF5B3C100B85F5B /* PBXTargetDependency */,
			);
			name = "CSCI 187 ProjectTests";
			productName = "CSCI 187 ProjectTests";
			productReference = ABF4BEB92AF5B3C100B85F5B /* CSCI 187 ProjectTests.xctest */;
			productType = "com.apple.product-type.bundle.unit-test";
		};
		ABF4BEC22AF5B3C100B85F5B /* CSCI 187 ProjectUITests */ = {
			isa = PBXNativeTarget;
			buildConfigurationList = ABF4BED32AF5B3C100B85F5B /* Build configuration list for PBXNativeTarget "CSCI 187 ProjectUITests" */;
			buildPhases = (
				ABF4BEBF2AF5B3C100B85F5B /* Sources */,
				ABF4BEC02AF5B3C100B85F5B /* Frameworks */,
				ABF4BEC12AF5B3C100B85F5B /* Resources */,
			);
			buildRules = (
			);
			dependencies = (
				ABF4BEC52AF5B3C100B85F5B /* PBXTargetDependency */,
			);
			name = "CSCI 187 ProjectUITests";
			productName = "CSCI 187 ProjectUITests";
			productReference = ABF4BEC32AF5B3C100B85F5B /* CSCI 187 ProjectUITests.xctest */;
			productType = "com.apple.product-type.bundle.ui-testing";
		};
/* End PBXNativeTarget section */

/* Begin PBXProject section */
		ABF4BE982AF5B3BD00B85F5B /* Project object */ = {
			isa = PBXProject;
			attributes = {
				BuildIndependentTargetsInParallel = 1;
				LastSwiftUpdateCheck = 1500;
				LastUpgradeCheck = 1500;
				TargetAttributes = {
					ABF4BE9F2AF5B3BE00B85F5B = {
						CreatedOnToolsVersion = 15.0.1;
					};
					ABF4BEB82AF5B3C100B85F5B = {
						CreatedOnToolsVersion = 15.0.1;
						TestTargetID = ABF4BE9F2AF5B3BE00B85F5B;
					};
					ABF4BEC22AF5B3C100B85F5B = {
						CreatedOnToolsVersion = 15.0.1;
						TestTargetID = ABF4BE9F2AF5B3BE00B85F5B;
					};
				};
			};
			buildConfigurationList = ABF4BE9B2AF5B3BD00B85F5B /* Build configuration list for PBXProject "CSCI 187 Project" */;
			compatibilityVersion = "Xcode 14.0";
			developmentRegion = en;
			hasScannedForEncodings = 0;
			knownRegions = (
				en,
				Base,
			);
			mainGroup = ABF4BE972AF5B3BD00B85F5B;
			productRefGroup = ABF4BEA12AF5B3BE00B85F5B /* Products */;
			projectDirPath = "";
			projectRoot = "";
			targets = (
				ABF4BE9F2AF5B3BE00B85F5B /* CSCI 187 Project */,
				ABF4BEB82AF5B3C100B85F5B /* CSCI 187 ProjectTests */,
				ABF4BEC22AF5B3C100B85F5B /* CSCI 187 ProjectUITests */,
			);
		};
/* End PBXProject section */

/* Begin PBXResourcesBuildPhase section */
		ABF4BE9E2AF5B3BE00B85F5B /* Resources */ = {
			isa = PBXResourcesBuildPhase;
			buildActionMask = 2147483647;
			files = (
				ABF4BEB02AF5B3C000B85F5B /* Assets.xcassets in Resources */,
				ABF4BED72AF5B43D00B85F5B /* Main.storyboard in Resources */,
			);
			runOnlyForDeploymentPostprocessing = 0;
		};
		ABF4BEB72AF5B3C100B85F5B /* Resources */ = {
			isa = PBXResourcesBuildPhase;
			buildActionMask = 2147483647;
			files = (
			);
			runOnlyForDeploymentPostprocessing = 0;
		};
		ABF4BEC12AF5B3C100B85F5B /* Resources */ = {
			isa = PBXResourcesBuildPhase;
			buildActionMask = 2147483647;
			files = (
			);
			runOnlyForDeploymentPostprocessing = 0;
		};
/* End PBXResourcesBuildPhase section */

/* Begin PBXSourcesBuildPhase section */
		ABF4BE9C2AF5B3BE00B85F5B /* Sources */ = {
			isa = PBXSourcesBuildPhase;
			buildActionMask = 2147483647;
			files = (
				ABA52ADD2B185BDF00A78372 /* App_User+CoreDataProperties.swift in Sources */,
				ABF4BEAE2AF5B3BE00B85F5B /* CSCI_187_Project.xcdatamodeld in Sources */,
				ABA52ADF2B185C0C00A78372 /* App_User+CoreDataClass.swift in Sources */,
				ABF4BEA82AF5B3BE00B85F5B /* ViewController.swift in Sources */,
				AB53263C2B0C378A0008ABB7 /* Club+CoreDataClass.swift in Sources */,
				AB53263D2B0C378A0008ABB7 /* Club+CoreDataProperties.swift in Sources */,
				ABF4BEA42AF5B3BE00B85F5B /* AppDelegate.swift in Sources */,
				ABF4BEA62AF5B3BE00B85F5B /* SceneDelegate.swift in Sources */,
			);
			runOnlyForDeploymentPostprocessing = 0;
		};
		ABF4BEB52AF5B3C100B85F5B /* Sources */ = {
			isa = PBXSourcesBuildPhase;
			buildActionMask = 2147483647;
			files = (
				ABF4BEBE2AF5B3C100B85F5B /* CSCI_187_ProjectTests.swift in Sources */,
			);
			runOnlyForDeploymentPostprocessing = 0;
		};
		ABF4BEBF2AF5B3C100B85F5B /* Sources */ = {
			isa = PBXSourcesBuildPhase;
			buildActionMask = 2147483647;
			files = (
				ABF4BEC82AF5B3C100B85F5B /* CSCI_187_ProjectUITests.swift in Sources */,
				ABF4BECA2AF5B3C100B85F5B /* CSCI_187_ProjectUITestsLaunchTests.swift in Sources */,
			);
			runOnlyForDeploymentPostprocessing = 0;
		};
/* End PBXSourcesBuildPhase section */

/* Begin PBXTargetDependency section */
		ABF4BEBB2AF5B3C100B85F5B /* PBXTargetDependency */ = {
			isa = PBXTargetDependency;
			target = ABF4BE9F2AF5B3BE00B85F5B /* CSCI 187 Project */;
			targetProxy = ABF4BEBA2AF5B3C100B85F5B /* PBXContainerItemProxy */;
		};
		ABF4BEC52AF5B3C100B85F5B /* PBXTargetDependency */ = {
			isa = PBXTargetDependency;
			target = ABF4BE9F2AF5B3BE00B85F5B /* CSCI 187 Project */;
			targetProxy = ABF4BEC42AF5B3C100B85F5B /* PBXContainerItemProxy */;
		};
/* End PBXTargetDependency section */

/* Begin XCBuildConfiguration section */
		ABF4BECB2AF5B3C100B85F5B /* Debug */ = {
			isa = XCBuildConfiguration;
			buildSettings = {
				ALWAYS_SEARCH_USER_PATHS = NO;
				ASSETCATALOG_COMPILER_GENERATE_SWIFT_ASSET_SYMBOL_EXTENSIONS = YES;
				CLANG_ANALYZER_NONNULL = YES;
				CLANG_ANALYZER_NUMBER_OBJECT_CONVERSION = YES_AGGRESSIVE;
				CLANG_CXX_LANGUAGE_STANDARD = "gnu++20";
				CLANG_ENABLE_MODULES = YES;
				CLANG_ENABLE_OBJC_ARC = YES;
				CLANG_ENABLE_OBJC_WEAK = YES;
				CLANG_WARN_BLOCK_CAPTURE_AUTORELEASING = YES;
				CLANG_WARN_BOOL_CONVERSION = YES;
				CLANG_WARN_COMMA = YES;
				CLANG_WARN_CONSTANT_CONVERSION = YES;
				CLANG_WARN_DEPRECATED_OBJC_IMPLEMENTATIONS = YES;
				CLANG_WARN_DIRECT_OBJC_ISA_USAGE = YES_ERROR;
				CLANG_WARN_DOCUMENTATION_COMMENTS = YES;
				CLANG_WARN_EMPTY_BODY = YES;
				CLANG_WARN_ENUM_CONVERSION = YES;
				CLANG_WARN_INFINITE_RECURSION = YES;
				CLANG_WARN_INT_CONVERSION = YES;
				CLANG_WARN_NON_LITERAL_NULL_CONVERSION = YES;
				CLANG_WARN_OBJC_IMPLICIT_RETAIN_SELF = YES;
				CLANG_WARN_OBJC_LITERAL_CONVERSION = YES;
				CLANG_WARN_OBJC_ROOT_CLASS = YES_ERROR;
				CLANG_WARN_QUOTED_INCLUDE_IN_FRAMEWORK_HEADER = YES;
				CLANG_WARN_RANGE_LOOP_ANALYSIS = YES;
				CLANG_WARN_STRICT_PROTOTYPES = YES;
				CLANG_WARN_SUSPICIOUS_MOVE = YES;
				CLANG_WARN_UNGUARDED_AVAILABILITY = YES_AGGRESSIVE;
				CLANG_WARN_UNREACHABLE_CODE = YES;
				CLANG_WARN__DUPLICATE_METHOD_MATCH = YES;
				COPY_PHASE_STRIP = NO;
				DEBUG_INFORMATION_FORMAT = dwarf;
				ENABLE_STRICT_OBJC_MSGSEND = YES;
				ENABLE_TESTABILITY = YES;
				ENABLE_USER_SCRIPT_SANDBOXING = YES;
				GCC_C_LANGUAGE_STANDARD = gnu17;
				GCC_DYNAMIC_NO_PIC = NO;
				GCC_NO_COMMON_BLOCKS = YES;
				GCC_OPTIMIZATION_LEVEL = 0;
				GCC_PREPROCESSOR_DEFINITIONS = (
					"DEBUG=1",
					"$(inherited)",
				);
				GCC_WARN_64_TO_32_BIT_CONVERSION = YES;
				GCC_WARN_ABOUT_RETURN_TYPE = YES_ERROR;
				GCC_WARN_UNDECLARED_SELECTOR = YES;
				GCC_WARN_UNINITIALIZED_AUTOS = YES_AGGRESSIVE;
				GCC_WARN_UNUSED_FUNCTION = YES;
				GCC_WARN_UNUSED_VARIABLE = YES;
				IPHONEOS_DEPLOYMENT_TARGET = 17.0;
				LOCALIZATION_PREFERS_STRING_CATALOGS = YES;
				MTL_ENABLE_DEBUG_INFO = INCLUDE_SOURCE;
				MTL_FAST_MATH = YES;
				ONLY_ACTIVE_ARCH = YES;
				SDKROOT = iphoneos;
				SWIFT_ACTIVE_COMPILATION_CONDITIONS = "DEBUG $(inherited)";
				SWIFT_OPTIMIZATION_LEVEL = "-Onone";
			};
			name = Debug;
		};
		ABF4BECC2AF5B3C100B85F5B /* Release */ = {
			isa = XCBuildConfiguration;
			buildSettings = {
				ALWAYS_SEARCH_USER_PATHS = NO;
				ASSETCATALOG_COMPILER_GENERATE_SWIFT_ASSET_SYMBOL_EXTENSIONS = YES;
				CLANG_ANALYZER_NONNULL = YES;
				CLANG_ANALYZER_NUMBER_OBJECT_CONVERSION = YES_AGGRESSIVE;
				CLANG_CXX_LANGUAGE_STANDARD = "gnu++20";
				CLANG_ENABLE_MODULES = YES;
				CLANG_ENABLE_OBJC_ARC = YES;
				CLANG_ENABLE_OBJC_WEAK = YES;
				CLANG_WARN_BLOCK_CAPTURE_AUTORELEASING = YES;
				CLANG_WARN_BOOL_CONVERSION = YES;
				CLANG_WARN_COMMA = YES;
				CLANG_WARN_CONSTANT_CONVERSION = YES;
				CLANG_WARN_DEPRECATED_OBJC_IMPLEMENTATIONS = YES;
				CLANG_WARN_DIRECT_OBJC_ISA_USAGE = YES_ERROR;
				CLANG_WARN_DOCUMENTATION_COMMENTS = YES;
				CLANG_WARN_EMPTY_BODY = YES;
				CLANG_WARN_ENUM_CONVERSION = YES;
				CLANG_WARN_INFINITE_RECURSION = YES;
				CLANG_WARN_INT_CONVERSION = YES;
				CLANG_WARN_NON_LITERAL_NULL_CONVERSION = YES;
				CLANG_WARN_OBJC_IMPLICIT_RETAIN_SELF = YES;
				CLANG_WARN_OBJC_LITERAL_CONVERSION = YES;
				CLANG_WARN_OBJC_ROOT_CLASS = YES_ERROR;
				CLANG_WARN_QUOTED_INCLUDE_IN_FRAMEWORK_HEADER = YES;
				CLANG_WARN_RANGE_LOOP_ANALYSIS = YES;
				CLANG_WARN_STRICT_PROTOTYPES = YES;
				CLANG_WARN_SUSPICIOUS_MOVE = YES;
				CLANG_WARN_UNGUARDED_AVAILABILITY = YES_AGGRESSIVE;
				CLANG_WARN_UNREACHABLE_CODE = YES;
				CLANG_WARN__DUPLICATE_METHOD_MATCH = YES;
				COPY_PHASE_STRIP = NO;
				DEBUG_INFORMATION_FORMAT = "dwarf-with-dsym";
				ENABLE_NS_ASSERTIONS = NO;
				ENABLE_STRICT_OBJC_MSGSEND = YES;
				ENABLE_USER_SCRIPT_SANDBOXING = YES;
				GCC_C_LANGUAGE_STANDARD = gnu17;
				GCC_NO_COMMON_BLOCKS = YES;
				GCC_WARN_64_TO_32_BIT_CONVERSION = YES;
				GCC_WARN_ABOUT_RETURN_TYPE = YES_ERROR;
				GCC_WARN_UNDECLARED_SELECTOR = YES;
				GCC_WARN_UNINITIALIZED_AUTOS = YES_AGGRESSIVE;
				GCC_WARN_UNUSED_FUNCTION = YES;
				GCC_WARN_UNUSED_VARIABLE = YES;
				IPHONEOS_DEPLOYMENT_TARGET = 17.0;
				LOCALIZATION_PREFERS_STRING_CATALOGS = YES;
				MTL_ENABLE_DEBUG_INFO = NO;
				MTL_FAST_MATH = YES;
				SDKROOT = iphoneos;
				SWIFT_COMPILATION_MODE = wholemodule;
				VALIDATE_PRODUCT = YES;
			};
			name = Release;
		};
		ABF4BECE2AF5B3C100B85F5B /* Debug */ = {
			isa = XCBuildConfiguration;
			buildSettings = {
				ASSETCATALOG_COMPILER_APPICON_NAME = AppIcon;
				ASSETCATALOG_COMPILER_GLOBAL_ACCENT_COLOR_NAME = AccentColor;
				CODE_SIGN_STYLE = Automatic;
				CURRENT_PROJECT_VERSION = 1;
				GENERATE_INFOPLIST_FILE = YES;
				INFOPLIST_FILE = "CSCI 187 Project/Info.plist";
				INFOPLIST_KEY_UIApplicationSupportsIndirectInputEvents = YES;
				INFOPLIST_KEY_UILaunchStoryboardName = LaunchScreen;
				INFOPLIST_KEY_UIMainStoryboardFile = Main;
				INFOPLIST_KEY_UISupportedInterfaceOrientations_iPad = "UIInterfaceOrientationPortrait UIInterfaceOrientationPortraitUpsideDown UIInterfaceOrientationLandscapeLeft UIInterfaceOrientationLandscapeRight";
				INFOPLIST_KEY_UISupportedInterfaceOrientations_iPhone = "UIInterfaceOrientationPortrait UIInterfaceOrientationLandscapeLeft UIInterfaceOrientationLandscapeRight";
				LD_RUNPATH_SEARCH_PATHS = (
					"$(inherited)",
					"@executable_path/Frameworks",
				);
				MARKETING_VERSION = 1.0;
				PRODUCT_BUNDLE_IDENTIFIER = "CSCI-187.CSCI-187-Project";
				PRODUCT_NAME = "$(TARGET_NAME)";
				SWIFT_EMIT_LOC_STRINGS = YES;
				SWIFT_VERSION = 5.0;
				TARGETED_DEVICE_FAMILY = "1,2";
			};
			name = Debug;
		};
		ABF4BECF2AF5B3C100B85F5B /* Release */ = {
			isa = XCBuildConfiguration;
			buildSettings = {
				ASSETCATALOG_COMPILER_APPICON_NAME = AppIcon;
				ASSETCATALOG_COMPILER_GLOBAL_ACCENT_COLOR_NAME = AccentColor;
				CODE_SIGN_STYLE = Automatic;
				CURRENT_PROJECT_VERSION = 1;
				GENERATE_INFOPLIST_FILE = YES;
				INFOPLIST_FILE = "CSCI 187 Project/Info.plist";
				INFOPLIST_KEY_UIApplicationSupportsIndirectInputEvents = YES;
				INFOPLIST_KEY_UILaunchStoryboardName = LaunchScreen;
				INFOPLIST_KEY_UIMainStoryboardFile = Main;
				INFOPLIST_KEY_UISupportedInterfaceOrientations_iPad = "UIInterfaceOrientationPortrait UIInterfaceOrientationPortraitUpsideDown UIInterfaceOrientationLandscapeLeft UIInterfaceOrientationLandscapeRight";
				INFOPLIST_KEY_UISupportedInterfaceOrientations_iPhone = "UIInterfaceOrientationPortrait UIInterfaceOrientationLandscapeLeft UIInterfaceOrientationLandscapeRight";
				LD_RUNPATH_SEARCH_PATHS = (
					"$(inherited)",
					"@executable_path/Frameworks",
				);
				MARKETING_VERSION = 1.0;
				PRODUCT_BUNDLE_IDENTIFIER = "CSCI-187.CSCI-187-Project";
				PRODUCT_NAME = "$(TARGET_NAME)";
				SWIFT_EMIT_LOC_STRINGS = YES;
				SWIFT_VERSION = 5.0;
				TARGETED_DEVICE_FAMILY = "1,2";
			};
			name = Release;
		};
		ABF4BED12AF5B3C100B85F5B /* Debug */ = {
			isa = XCBuildConfiguration;
			buildSettings = {
				ALWAYS_EMBED_SWIFT_STANDARD_LIBRARIES = YES;
				BUNDLE_LOADER = "$(TEST_HOST)";
				CODE_SIGN_STYLE = Automatic;
				CURRENT_PROJECT_VERSION = 1;
				GENERATE_INFOPLIST_FILE = YES;
				IPHONEOS_DEPLOYMENT_TARGET = 17.0;
				MARKETING_VERSION = 1.0;
				PRODUCT_BUNDLE_IDENTIFIER = "CSCI-187.CSCI-187-ProjectTests";
				PRODUCT_NAME = "$(TARGET_NAME)";
				SWIFT_EMIT_LOC_STRINGS = NO;
				SWIFT_VERSION = 5.0;
				TARGETED_DEVICE_FAMILY = "1,2";
				TEST_HOST = "$(BUILT_PRODUCTS_DIR)/CSCI 187 Project.app/$(BUNDLE_EXECUTABLE_FOLDER_PATH)/CSCI 187 Project";
			};
			name = Debug;
		};
		ABF4BED22AF5B3C100B85F5B /* Release */ = {
			isa = XCBuildConfiguration;
			buildSettings = {
				ALWAYS_EMBED_SWIFT_STANDARD_LIBRARIES = YES;
				BUNDLE_LOADER = "$(TEST_HOST)";
				CODE_SIGN_STYLE = Automatic;
				CURRENT_PROJECT_VERSION = 1;
				GENERATE_INFOPLIST_FILE = YES;
				IPHONEOS_DEPLOYMENT_TARGET = 17.0;
				MARKETING_VERSION = 1.0;
				PRODUCT_BUNDLE_IDENTIFIER = "CSCI-187.CSCI-187-ProjectTests";
				PRODUCT_NAME = "$(TARGET_NAME)";
				SWIFT_EMIT_LOC_STRINGS = NO;
				SWIFT_VERSION = 5.0;
				TARGETED_DEVICE_FAMILY = "1,2";
				TEST_HOST = "$(BUILT_PRODUCTS_DIR)/CSCI 187 Project.app/$(BUNDLE_EXECUTABLE_FOLDER_PATH)/CSCI 187 Project";
			};
			name = Release;
		};
		ABF4BED42AF5B3C100B85F5B /* Debug */ = {
			isa = XCBuildConfiguration;
			buildSettings = {
				ALWAYS_EMBED_SWIFT_STANDARD_LIBRARIES = YES;
				CODE_SIGN_STYLE = Automatic;
				CURRENT_PROJECT_VERSION = 1;
				GENERATE_INFOPLIST_FILE = YES;
				MARKETING_VERSION = 1.0;
				PRODUCT_BUNDLE_IDENTIFIER = "CSCI-187.CSCI-187-ProjectUITests";
				PRODUCT_NAME = "$(TARGET_NAME)";
				SWIFT_EMIT_LOC_STRINGS = NO;
				SWIFT_VERSION = 5.0;
				TARGETED_DEVICE_FAMILY = "1,2";
				TEST_TARGET_NAME = "CSCI 187 Project";
			};
			name = Debug;
		};
		ABF4BED52AF5B3C100B85F5B /* Release */ = {
			isa = XCBuildConfiguration;
			buildSettings = {
				ALWAYS_EMBED_SWIFT_STANDARD_LIBRARIES = YES;
				CODE_SIGN_STYLE = Automatic;
				CURRENT_PROJECT_VERSION = 1;
				GENERATE_INFOPLIST_FILE = YES;
				MARKETING_VERSION = 1.0;
				PRODUCT_BUNDLE_IDENTIFIER = "CSCI-187.CSCI-187-ProjectUITests";
				PRODUCT_NAME = "$(TARGET_NAME)";
				SWIFT_EMIT_LOC_STRINGS = NO;
				SWIFT_VERSION = 5.0;
				TARGETED_DEVICE_FAMILY = "1,2";
				TEST_TARGET_NAME = "CSCI 187 Project";
			};
			name = Release;
		};
/* End XCBuildConfiguration section */

/* Begin XCConfigurationList section */
		ABF4BE9B2AF5B3BD00B85F5B /* Build configuration list for PBXProject "CSCI 187 Project" */ = {
			isa = XCConfigurationList;
			buildConfigurations = (
				ABF4BECB2AF5B3C100B85F5B /* Debug */,
				ABF4BECC2AF5B3C100B85F5B /* Release */,
			);
			defaultConfigurationIsVisible = 0;
			defaultConfigurationName = Release;
		};
		ABF4BECD2AF5B3C100B85F5B /* Build configuration list for PBXNativeTarget "CSCI 187 Project" */ = {
			isa = XCConfigurationList;
			buildConfigurations = (
				ABF4BECE2AF5B3C100B85F5B /* Debug */,
				ABF4BECF2AF5B3C100B85F5B /* Release */,
			);
			defaultConfigurationIsVisible = 0;
			defaultConfigurationName = Release;
		};
		ABF4BED02AF5B3C100B85F5B /* Build configuration list for PBXNativeTarget "CSCI 187 ProjectTests" */ = {
			isa = XCConfigurationList;
			buildConfigurations = (
				ABF4BED12AF5B3C100B85F5B /* Debug */,
				ABF4BED22AF5B3C100B85F5B /* Release */,
			);
			defaultConfigurationIsVisible = 0;
			defaultConfigurationName = Release;
		};
		ABF4BED32AF5B3C100B85F5B /* Build configuration list for PBXNativeTarget "CSCI 187 ProjectUITests" */ = {
			isa = XCConfigurationList;
			buildConfigurations = (
				ABF4BED42AF5B3C100B85F5B /* Debug */,
				ABF4BED52AF5B3C100B85F5B /* Release */,
			);
			defaultConfigurationIsVisible = 0;
			defaultConfigurationName = Release;
		};
/* End XCConfigurationList section */

/* Begin XCVersionGroup section */
		ABF4BEAC2AF5B3BE00B85F5B /* CSCI_187_Project.xcdatamodeld */ = {
			isa = XCVersionGroup;
			children = (
				ABF4BEAD2AF5B3BE00B85F5B /* CSCI_187_Project.xcdatamodel */,
			);
			currentVersion = ABF4BEAD2AF5B3BE00B85F5B /* CSCI_187_Project.xcdatamodel */;
			path = CSCI_187_Project.xcdatamodeld;
			sourceTree = "<group>";
			versionGroupType = wrapper.xcdatamodel;
		};
/* End XCVersionGroup section */
	};
	rootObject = ABF4BE982AF5B3BD00B85F5B /* Project object */;
}
